
Microsoft Visual Studio Solution File, Format Version 12.00
# Visual Studio 14
VisualStudioVersion = 14.0.25420.1
MinimumVisualStudioVersion = 10.0.40219.1
Project("{FAE04EC0-301F-11D3-BF4B-00C04F79EFBC}") = "TTOS0200-LABRA-7", "TTOS0200-LABRA-7\TTOS0200-LABRA-7.csproj", "{433D032D-2077-4F98-A5BF-72110E6619EC}"
EndProject
Project("{FAE04EC0-301F-11D3-BF4B-00C04F79EFBC}") = "Tehtava1", "Tehtava1\Tehtava1.csproj", "{EB31C226-AC36-4A89-B220-CB23F3CF88C5}"
EndProject
Project("{FAE04EC0-301F-11D3-BF4B-00C04F79EFBC}") = "Tehtava2", "Tehtava2\Tehtava2.csproj", "{AC28CE7C-1132-4EF9-9F6E-A7ED0589803A}"
EndProject
Project("{FAE04EC0-301F-11D3-BF4B-00C04F79EFBC}") = "Tehtava3", "Tehtava3\Tehtava3.csproj", "{0442589B-BC12-4AE1-81E0-73CDB272AE81}"
EndProject
Project("{FAE04EC0-301F-11D3-BF4B-00C04F79EFBC}") = "Tehtava4", "Tehtava4\Tehtava4.csproj", "{FDD7DA3A-D251-4A3F-831C-CD46155B0D54}"
EndProject
Global
	GlobalSection(SolutionConfigurationPlatforms) = preSolution
		Debug|Any CPU = Debug|Any CPU
		Release|Any CPU = Release|Any CPU
	EndGlobalSection
	GlobalSection(ProjectConfigurationPlatforms) = postSolution
		{433D032D-2077-4F98-A5BF-72110E6619EC}.Debug|Any CPU.ActiveCfg = Debug|Any CPU
		{433D032D-2077-4F98-A5BF-72110E6619EC}.Debug|Any CPU.Build.0 = Debug|Any CPU
		{433D032D-2077-4F98-A5BF-72110E6619EC}.Release|Any CPU.ActiveCfg = Release|Any CPU
		{433D032D-2077-4F98-A5BF-72110E6619EC}.Release|Any CPU.Build.0 = Release|Any CPU
		{EB31C226-AC36-4A89-B220-CB23F3CF88C5}.Debug|Any CPU.ActiveCfg = Debug|Any CPU
		{EB31C226-AC36-4A89-B220-CB23F3CF88C5}.Debug|Any CPU.Build.0 = Debug|Any CPU
		{EB31C226-AC36-4A89-B220-CB23F3CF88C5}.Release|Any CPU.ActiveCfg = Release|Any CPU
		{EB31C226-AC36-4A89-B220-CB23F3CF88C5}.Release|Any CPU.Build.0 = Release|Any CPU
		{AC28CE7C-1132-4EF9-9F6E-A7ED0589803A}.Debug|Any CPU.ActiveCfg = Debug|Any CPU
		{AC28CE7C-1132-4EF9-9F6E-A7ED0589803A}.Debug|Any CPU.Build.0 = Debug|Any CPU
		{AC28CE7C-1132-4EF9-9F6E-A7ED0589803A}.Release|Any CPU.ActiveCfg = Release|Any CPU
		{AC28CE7C-1132-4EF9-9F6E-A7ED0589803A}.Release|Any CPU.Build.0 = Release|Any CPU
		{0442589B-BC12-4AE1-81E0-73CDB272AE81}.Debug|Any CPU.ActiveCfg = Debug|Any CPU
		{0442589B-BC12-4AE1-81E0-73CDB272AE81}.Debug|Any CPU.Build.0 = Debug|Any CPU
		{0442589B-BC12-4AE1-81E0-73CDB272AE81}.Release|Any CPU.ActiveCfg = Release|Any CPU
		{0442589B-BC12-4AE1-81E0-73CDB272AE81}.Release|Any CPU.Build.0 = Release|Any CPU
		{FDD7DA3A-D251-4A3F-831C-CD46155B0D54}.Debug|Any CPU.ActiveCfg = Debug|Any CPU
		{FDD7DA3A-D251-4A3F-831C-CD46155B0D54}.Debug|Any CPU.Build.0 = Debug|Any CPU
		{FDD7DA3A-D251-4A3F-831C-CD46155B0D54}.Release|Any CPU.ActiveCfg = Release|Any CPU
		{FDD7DA3A-D251-4A3F-831C-CD46155B0D54}.Release|Any CPU.Build.0 = Release|Any CPU
	EndGlobalSection
	GlobalSection(SolutionProperties) = preSolution
		HideSolutionNode = FALSE
	EndGlobalSection
EndGlobal
